
Microsoft Visual Studio Solution File, Format Version 12.00
# Visual Studio Version 16
VisualStudioVersion = 16.0.32002.261
MinimumVisualStudioVersion = 10.0.40219.1
Project("{FAE04EC0-301F-11D3-BF4B-00C04F79EFBC}") = "User-Registration-Using-Lambda", "User-Registration-Using-Lambda\User-Registration-Using-Lambda.csproj", "{960B5DDD-7DA8-4DE6-BDEF-54722628F467}"
EndProject
Global
	GlobalSection(SolutionConfigurationPlatforms) = preSolution
		Debug|Any CPU = Debug|Any CPU
		Release|Any CPU = Release|Any CPU
	EndGlobalSection
	GlobalSection(ProjectConfigurationPlatforms) = postSolution
		{960B5DDD-7DA8-4DE6-BDEF-54722628F467}.Debug|Any CPU.ActiveCfg = Debug|Any CPU
		{960B5DDD-7DA8-4DE6-BDEF-54722628F467}.Debug|Any CPU.Build.0 = Debug|Any CPU
		{960B5DDD-7DA8-4DE6-BDEF-54722628F467}.Release|Any CPU.ActiveCfg = Release|Any CPU
		{960B5DDD-7DA8-4DE6-BDEF-54722628F467}.Release|Any CPU.Build.0 = Release|Any CPU
	EndGlobalSection
	GlobalSection(SolutionProperties) = preSolution
		HideSolutionNode = FALSE
	EndGlobalSection
	GlobalSection(ExtensibilityGlobals) = postSolution
		SolutionGuid = {9417C12E-986B-4EB6-913C-7C91C9483C37}
	EndGlobalSection
EndGlobal
